// !$*UTF8*$!
{
	archiveVersion = 1;
	classes = {
	};
	objectVersion = 52;
	objects = {

/* Begin PBXBuildFile section */
		101A786F24F282AE0080845F /* Service.swift in Sources */ = {isa = PBXBuildFile; fileRef = 101A786E24F282AE0080845F /* Service.swift */; };
		101A787124F283000080845F /* User.swift in Sources */ = {isa = PBXBuildFile; fileRef = 101A787024F283000080845F /* User.swift */; };
		101A787324F283360080845F /* Trip.swift in Sources */ = {isa = PBXBuildFile; fileRef = 101A787224F283360080845F /* Trip.swift */; };
		101A787524F283630080845F /* DriverAnnotation.swift in Sources */ = {isa = PBXBuildFile; fileRef = 101A787424F283630080845F /* DriverAnnotation.swift */; };
		101A787724F283A30080845F /* LocationHandler.swift in Sources */ = {isa = PBXBuildFile; fileRef = 101A787624F283A30080845F /* LocationHandler.swift */; };
		101A787924F284250080845F /* Extensions.swift in Sources */ = {isa = PBXBuildFile; fileRef = 101A787824F284250080845F /* Extensions.swift */; };
		101A787B24F284B50080845F /* AuthButtonUIButton.swift in Sources */ = {isa = PBXBuildFile; fileRef = 101A787A24F284B50080845F /* AuthButtonUIButton.swift */; };
		101A787D24F2933D0080845F /* CustomTableViewCell.swift in Sources */ = {isa = PBXBuildFile; fileRef = 101A787C24F2933D0080845F /* CustomTableViewCell.swift */; };
		101A788124F359510080845F /* GeofencingCtrlViewController.swift in Sources */ = {isa = PBXBuildFile; fileRef = 101A788024F359510080845F /* GeofencingCtrlViewController.swift */; };
		101F3ED5250E7F5F00B8B9B5 /* Handwashing.jpg in Resources */ = {isa = PBXBuildFile; fileRef = 101F3ECF250E7F5E00B8B9B5 /* Handwashing.jpg */; };
		101F3ED6250E7F5F00B8B9B5 /* wearmask.jpg in Resources */ = {isa = PBXBuildFile; fileRef = 101F3ED0250E7F5F00B8B9B5 /* wearmask.jpg */; };
		101F3ED7250E7F5F00B8B9B5 /* fightcorona.jpg in Resources */ = {isa = PBXBuildFile; fileRef = 101F3ED1250E7F5F00B8B9B5 /* fightcorona.jpg */; };
		101F3ED9250E81FA00B8B9B5 /* avoidcrowded.jpg in Resources */ = {isa = PBXBuildFile; fileRef = 101F3ED8250E81FA00B8B9B5 /* avoidcrowded.jpg */; };
		101F3EDB250EEAD200B8B9B5 /* LoginUnitTest.swift in Sources */ = {isa = PBXBuildFile; fileRef = 101F3EDA250EEAD200B8B9B5 /* LoginUnitTest.swift */; };
		101F3EDE250F7E7600B8B9B5 /* Constants.swift in Sources */ = {isa = PBXBuildFile; fileRef = 101F3EDD250F7E7600B8B9B5 /* Constants.swift */; };
		101F3EE0250F84C800B8B9B5 /* ArtworkView.swift in Sources */ = {isa = PBXBuildFile; fileRef = 101F3EDF250F84C800B8B9B5 /* ArtworkView.swift */; };
		101F3EE2250F854700B8B9B5 /* Artwork.swift in Sources */ = {isa = PBXBuildFile; fileRef = 101F3EE1250F854700B8B9B5 /* Artwork.swift */; };
		102C78AC2512468C007B55C4 /* demo1.storyboard in Resources */ = {isa = PBXBuildFile; fileRef = 102C78AB2512468C007B55C4 /* demo1.storyboard */; };
		102C78AE2512469F007B55C4 /* demo2.storyboard in Resources */ = {isa = PBXBuildFile; fileRef = 102C78AD2512469F007B55C4 /* demo2.storyboard */; };
		102C78B02512472A007B55C4 /* Demo1ViewController.swift in Sources */ = {isa = PBXBuildFile; fileRef = 102C78AF2512472A007B55C4 /* Demo1ViewController.swift */; };
		105424342515D9FA0032FF9F /* coronaSurvey4.jpg in Resources */ = {isa = PBXBuildFile; fileRef = 105424302515D9F80032FF9F /* coronaSurvey4.jpg */; };
		105424352515D9FA0032FF9F /* coronaSurvey3.jpg in Resources */ = {isa = PBXBuildFile; fileRef = 105424312515D9F90032FF9F /* coronaSurvey3.jpg */; };
		105424362515D9FA0032FF9F /* coronaSurvey2.png in Resources */ = {isa = PBXBuildFile; fileRef = 105424322515D9F90032FF9F /* coronaSurvey2.png */; };
		105424372515D9FA0032FF9F /* coronaSurvey1.jpg in Resources */ = {isa = PBXBuildFile; fileRef = 105424332515D9FA0032FF9F /* coronaSurvey1.jpg */; };
		1070D710250DB85C009B04AD /* NotificationViewController.swift in Sources */ = {isa = PBXBuildFile; fileRef = 1070D70F250DB85B009B04AD /* NotificationViewController.swift */; };
		1070D716250DBC2A009B04AD /* NewSurvey.storyboard in Resources */ = {isa = PBXBuildFile; fileRef = 1070D715250DBC2A009B04AD /* NewSurvey.storyboard */; };
		1070D71A250DD7AA009B04AD /* NewSurveyViewController.swift in Sources */ = {isa = PBXBuildFile; fileRef = 1070D719250DD7AA009B04AD /* NewSurveyViewController.swift */; };
		1070D71E250DE026009B04AD /* SafeActionViewController.swift in Sources */ = {isa = PBXBuildFile; fileRef = 1070D71D250DE026009B04AD /* SafeActionViewController.swift */; };
		1070D728250E09E1009B04AD /* SafeAction.storyboard in Resources */ = {isa = PBXBuildFile; fileRef = 1070D727250E09E1009B04AD /* SafeAction.storyboard */; };
		108381C124ED89F900B6E89D /* Main.storyboard in Resources */ = {isa = PBXBuildFile; fileRef = 108381C024ED89F900B6E89D /* Main.storyboard */; };
		108381CC24ED90FF00B6E89D /* coronavirus_logo-2.jpg in Resources */ = {isa = PBXBuildFile; fileRef = 108381CB24ED90FF00B6E89D /* coronavirus_logo-2.jpg */; };
		108381D124EEC70900B6E89D /* SettingViewController.swift in Sources */ = {isa = PBXBuildFile; fileRef = 108381D024EEC70900B6E89D /* SettingViewController.swift */; };
		108381D524EED33400B6E89D /* Home.storyboard in Resources */ = {isa = PBXBuildFile; fileRef = 108381D424EED33400B6E89D /* Home.storyboard */; };
		108381D724EED34800B6E89D /* Update.storyboard in Resources */ = {isa = PBXBuildFile; fileRef = 108381D624EED34800B6E89D /* Update.storyboard */; };
		108381D924EED35900B6E89D /* Setting.storyboard in Resources */ = {isa = PBXBuildFile; fileRef = 108381D824EED35900B6E89D /* Setting.storyboard */; };
		108381FE24F0AED000B6E89D /* GoogleService-Info.plist in Resources */ = {isa = PBXBuildFile; fileRef = 108381FD24F0AED000B6E89D /* GoogleService-Info.plist */; };
		1083820024F0B61A00B6E89D /* ViewController.swift in Sources */ = {isa = PBXBuildFile; fileRef = 108381FF24F0B61A00B6E89D /* ViewController.swift */; };
		1083820224F0D7C200B6E89D /* Signup.storyboard in Resources */ = {isa = PBXBuildFile; fileRef = 1083820124F0D7C200B6E89D /* Signup.storyboard */; };
		1083820424F0D7D900B6E89D /* LoginView.storyboard in Resources */ = {isa = PBXBuildFile; fileRef = 1083820324F0D7D900B6E89D /* LoginView.storyboard */; };
		1083820624F0DE0000B6E89D /* UpdateViewController.swift in Sources */ = {isa = PBXBuildFile; fileRef = 1083820524F0DE0000B6E89D /* UpdateViewController.swift */; };
		1083820824F10BEB00B6E89D /* SignupViewController.swift in Sources */ = {isa = PBXBuildFile; fileRef = 1083820724F10BEB00B6E89D /* SignupViewController.swift */; };
		1083820A24F113FC00B6E89D /* SignUpView.storyboard in Resources */ = {isa = PBXBuildFile; fileRef = 1083820924F113FC00B6E89D /* SignUpView.storyboard */; };
		1083820C24F11D3900B6E89D /* Login.storyboard in Resources */ = {isa = PBXBuildFile; fileRef = 1083820B24F11D3900B6E89D /* Login.storyboard */; };
		1083820E24F11D7D00B6E89D /* LoginViewController.swift in Sources */ = {isa = PBXBuildFile; fileRef = 1083820D24F11D7D00B6E89D /* LoginViewController.swift */; };
		1083821024F14DBA00B6E89D /* Authentication.storyboard in Resources */ = {isa = PBXBuildFile; fileRef = 1083820F24F14DBA00B6E89D /* Authentication.storyboard */; };
		1083821224F15D5E00B6E89D /* AuthenticationViewController.swift in Sources */ = {isa = PBXBuildFile; fileRef = 1083821124F15D5E00B6E89D /* AuthenticationViewController.swift */; };
		1083821424F163D400B6E89D /* UpdateAuthentication.storyboard in Resources */ = {isa = PBXBuildFile; fileRef = 1083821324F163D400B6E89D /* UpdateAuthentication.storyboard */; };
		1083821624F1DAF000B6E89D /* AuthenticationSignin.storyboard in Resources */ = {isa = PBXBuildFile; fileRef = 1083821524F1DAF000B6E89D /* AuthenticationSignin.storyboard */; };
		1083821824F2334600B6E89D /* ContactUs.storyboard in Resources */ = {isa = PBXBuildFile; fileRef = 1083821724F2334600B6E89D /* ContactUs.storyboard */; };
		1083821A24F2340F00B6E89D /* ShareApp.storyboard in Resources */ = {isa = PBXBuildFile; fileRef = 1083821924F2340F00B6E89D /* ShareApp.storyboard */; };
		1083821C24F234A100B6E89D /* SurveyResults.storyboard in Resources */ = {isa = PBXBuildFile; fileRef = 1083821B24F234A100B6E89D /* SurveyResults.storyboard */; };
		1083821E24F234EE00B6E89D /* UserProfile.storyboard in Resources */ = {isa = PBXBuildFile; fileRef = 1083821D24F234EE00B6E89D /* UserProfile.storyboard */; };
		1083822024F236A100B6E89D /* ContactUsViewController.swift in Sources */ = {isa = PBXBuildFile; fileRef = 1083821F24F236A100B6E89D /* ContactUsViewController.swift */; };
		1083822224F239FE00B6E89D /* ShareAppViewController.swift in Sources */ = {isa = PBXBuildFile; fileRef = 1083822124F239FE00B6E89D /* ShareAppViewController.swift */; };
		1083822424F23A2D00B6E89D /* SurveyResultViewController.swift in Sources */ = {isa = PBXBuildFile; fileRef = 1083822324F23A2D00B6E89D /* SurveyResultViewController.swift */; };
		1083822624F23A4C00B6E89D /* UserProfileViewController.swift in Sources */ = {isa = PBXBuildFile; fileRef = 1083822524F23A4C00B6E89D /* UserProfileViewController.swift */; };
		1083822824F23BF000B6E89D /* SettingItem.storyboard in Resources */ = {isa = PBXBuildFile; fileRef = 1083822724F23BF000B6E89D /* SettingItem.storyboard */; };
		1083822A24F2445500B6E89D /* ContactUsItem.storyboard in Resources */ = {isa = PBXBuildFile; fileRef = 1083822924F2445500B6E89D /* ContactUsItem.storyboard */; };
		1083822C24F2446A00B6E89D /* ShareAppItem.storyboard in Resources */ = {isa = PBXBuildFile; fileRef = 1083822B24F2446A00B6E89D /* ShareAppItem.storyboard */; };
		1083822E24F2448200B6E89D /* SurveyResultItem.storyboard in Resources */ = {isa = PBXBuildFile; fileRef = 1083822D24F2448200B6E89D /* SurveyResultItem.storyboard */; };
		1083823024F2449D00B6E89D /* UserProfileItem.storyboard in Resources */ = {isa = PBXBuildFile; fileRef = 1083822F24F2449D00B6E89D /* UserProfileItem.storyboard */; };
		1083823224F253EB00B6E89D /* GeofencingView.storyboard in Resources */ = {isa = PBXBuildFile; fileRef = 1083823124F253EB00B6E89D /* GeofencingView.storyboard */; };
		1083823524F27BA100B6E89D /* UserLocation.swift in Sources */ = {isa = PBXBuildFile; fileRef = 1083823424F27BA100B6E89D /* UserLocation.swift */; };
		1083823724F27BB900B6E89D /* UserRole.swift in Sources */ = {isa = PBXBuildFile; fileRef = 1083823624F27BB900B6E89D /* UserRole.swift */; };
		1083823924F27BF300B6E89D /* UserDetail.swift in Sources */ = {isa = PBXBuildFile; fileRef = 1083823824F27BF300B6E89D /* UserDetail.swift */; };
		1083823B24F27C0400B6E89D /* Notification.swift in Sources */ = {isa = PBXBuildFile; fileRef = 1083823A24F27C0400B6E89D /* Notification.swift */; };
		10B5A4AE2514FBC700A8A056 /* NotificationListViewController.swift in Sources */ = {isa = PBXBuildFile; fileRef = 10B5A4AD2514FBC700A8A056 /* NotificationListViewController.swift */; };
		10C90DDB24ED77D900B2FB43 /* AppDelegate.swift in Sources */ = {isa = PBXBuildFile; fileRef = 10C90DDA24ED77D900B2FB43 /* AppDelegate.swift */; };
		10C90DDD24ED77D900B2FB43 /* SceneDelegate.swift in Sources */ = {isa = PBXBuildFile; fileRef = 10C90DDC24ED77D900B2FB43 /* SceneDelegate.swift */; };
		10C90DDF24ED77D900B2FB43 /* FirstViewController.swift in Sources */ = {isa = PBXBuildFile; fileRef = 10C90DDE24ED77D900B2FB43 /* FirstViewController.swift */; };
		10C90DE124ED77D900B2FB43 /* SecondViewController.swift in Sources */ = {isa = PBXBuildFile; fileRef = 10C90DE024ED77D900B2FB43 /* SecondViewController.swift */; };
		10C90DE724ED77D900B2FB43 /* NIBMCOVID19.xcdatamodeld in Sources */ = {isa = PBXBuildFile; fileRef = 10C90DE524ED77D900B2FB43 /* NIBMCOVID19.xcdatamodeld */; };
		10C90DE924ED77D900B2FB43 /* Assets.xcassets in Resources */ = {isa = PBXBuildFile; fileRef = 10C90DE824ED77D900B2FB43 /* Assets.xcassets */; };
		10C90DEC24ED77D900B2FB43 /* LaunchScreen.storyboard in Resources */ = {isa = PBXBuildFile; fileRef = 10C90DEA24ED77D900B2FB43 /* LaunchScreen.storyboard */; };
		10C90DF724ED77DA00B2FB43 /* NIBMCOVID19Tests.swift in Sources */ = {isa = PBXBuildFile; fileRef = 10C90DF624ED77DA00B2FB43 /* NIBMCOVID19Tests.swift */; };
		10C90E0224ED77DA00B2FB43 /* NIBMCOVID19UITests.swift in Sources */ = {isa = PBXBuildFile; fileRef = 10C90E0124ED77DA00B2FB43 /* NIBMCOVID19UITests.swift */; };
		7037342353907FA42FB352FD /* Pods_NIBMCOVID19Tests.framework in Frameworks */ = {isa = PBXBuildFile; fileRef = E63AE77CC34DE8269CE26DA0 /* Pods_NIBMCOVID19Tests.framework */; };
		7F7E11DFCCE3EE72BD5B8761 /* Pods_NIBMCOVID19.framework in Frameworks */ = {isa = PBXBuildFile; fileRef = 47F7A72C052A2CC71EDCF6CA /* Pods_NIBMCOVID19.framework */; };
		CF46B7C69DECC1E323CDE230 /* Pods_NIBMCOVID19_NIBMCOVID19UITests.framework in Frameworks */ = {isa = PBXBuildFile; fileRef = 5E2F4C07D228D30FF0B85454 /* Pods_NIBMCOVID19_NIBMCOVID19UITests.framework */; };
/* End PBXBuildFile section */

/* Begin PBXContainerItemProxy section */
		10C90DF324ED77DA00B2FB43 /* PBXContainerItemProxy */ = {
			isa = PBXContainerItemProxy;
			containerPortal = 10C90DCF24ED77D900B2FB43 /* Project object */;
			proxyType = 1;
			remoteGlobalIDString = 10C90DD624ED77D900B2FB43;
			remoteInfo = NIBMCOVID19;
		};
		10C90DFE24ED77DA00B2FB43 /* PBXContainerItemProxy */ = {
			isa = PBXContainerItemProxy;
			containerPortal = 10C90DCF24ED77D900B2FB43 /* Project object */;
			proxyType = 1;
			remoteGlobalIDString = 10C90DD624ED77D900B2FB43;
			remoteInfo = NIBMCOVID19;
		};
/* End PBXContainerItemProxy section */

/* Begin PBXFileReference section */
		028E32361648F70B20AB45B2 /* Pods-NIBMCOVID19-NIBMCOVID19UITests.debug.xcconfig */ = {isa = PBXFileReference; includeInIndex = 1; lastKnownFileType = text.xcconfig; name = "Pods-NIBMCOVID19-NIBMCOVID19UITests.debug.xcconfig"; path = "Target Support Files/Pods-NIBMCOVID19-NIBMCOVID19UITests/Pods-NIBMCOVID19-NIBMCOVID19UITests.debug.xcconfig"; sourceTree = "<group>"; };
		101A786E24F282AE0080845F /* Service.swift */ = {isa = PBXFileReference; lastKnownFileType = sourcecode.swift; path = Service.swift; sourceTree = "<group>"; };
		101A787024F283000080845F /* User.swift */ = {isa = PBXFileReference; lastKnownFileType = sourcecode.swift; path = User.swift; sourceTree = "<group>"; };
		101A787224F283360080845F /* Trip.swift */ = {isa = PBXFileReference; lastKnownFileType = sourcecode.swift; path = Trip.swift; sourceTree = "<group>"; };
		101A787424F283630080845F /* DriverAnnotation.swift */ = {isa = PBXFileReference; lastKnownFileType = sourcecode.swift; path = DriverAnnotation.swift; sourceTree = "<group>"; };
		101A787624F283A30080845F /* LocationHandler.swift */ = {isa = PBXFileReference; lastKnownFileType = sourcecode.swift; path = LocationHandler.swift; sourceTree = "<group>"; };
		101A787824F284250080845F /* Extensions.swift */ = {isa = PBXFileReference; lastKnownFileType = sourcecode.swift; path = Extensions.swift; sourceTree = "<group>"; };
		101A787A24F284B50080845F /* AuthButtonUIButton.swift */ = {isa = PBXFileReference; lastKnownFileType = sourcecode.swift; path = AuthButtonUIButton.swift; sourceTree = "<group>"; };
		101A787C24F2933D0080845F /* CustomTableViewCell.swift */ = {isa = PBXFileReference; lastKnownFileType = sourcecode.swift; path = CustomTableViewCell.swift; sourceTree = "<group>"; };
		101A788024F359510080845F /* GeofencingCtrlViewController.swift */ = {isa = PBXFileReference; lastKnownFileType = sourcecode.swift; path = GeofencingCtrlViewController.swift; sourceTree = "<group>"; };
		101F3ECF250E7F5E00B8B9B5 /* Handwashing.jpg */ = {isa = PBXFileReference; lastKnownFileType = image.jpeg; name = Handwashing.jpg; path = ../../../../Documents/Handwashing.jpg; sourceTree = "<group>"; };
		101F3ED0250E7F5F00B8B9B5 /* wearmask.jpg */ = {isa = PBXFileReference; lastKnownFileType = image.jpeg; path = wearmask.jpg; sourceTree = "<group>"; };
		101F3ED1250E7F5F00B8B9B5 /* fightcorona.jpg */ = {isa = PBXFileReference; lastKnownFileType = image.jpeg; path = fightcorona.jpg; sourceTree = "<group>"; };
		101F3ED8250E81FA00B8B9B5 /* avoidcrowded.jpg */ = {isa = PBXFileReference; lastKnownFileType = image.jpeg; path = avoidcrowded.jpg; sourceTree = "<group>"; };
		101F3EDA250EEAD200B8B9B5 /* LoginUnitTest.swift */ = {isa = PBXFileReference; lastKnownFileType = sourcecode.swift; path = LoginUnitTest.swift; sourceTree = "<group>"; };
		101F3EDD250F7E7600B8B9B5 /* Constants.swift */ = {isa = PBXFileReference; lastKnownFileType = sourcecode.swift; path = Constants.swift; sourceTree = "<group>"; };
		101F3EDF250F84C800B8B9B5 /* ArtworkView.swift */ = {isa = PBXFileReference; lastKnownFileType = sourcecode.swift; path = ArtworkView.swift; sourceTree = "<group>"; };
		101F3EE1250F854700B8B9B5 /* Artwork.swift */ = {isa = PBXFileReference; lastKnownFileType = sourcecode.swift; path = Artwork.swift; sourceTree = "<group>"; };
		102C78AB2512468C007B55C4 /* demo1.storyboard */ = {isa = PBXFileReference; lastKnownFileType = file.storyboard; path = demo1.storyboard; sourceTree = "<group>"; };
		102C78AD2512469F007B55C4 /* demo2.storyboard */ = {isa = PBXFileReference; lastKnownFileType = file.storyboard; path = demo2.storyboard; sourceTree = "<group>"; };
		102C78AF2512472A007B55C4 /* Demo1ViewController.swift */ = {isa = PBXFileReference; lastKnownFileType = sourcecode.swift; path = Demo1ViewController.swift; sourceTree = "<group>"; };
		105424302515D9F80032FF9F /* coronaSurvey4.jpg */ = {isa = PBXFileReference; lastKnownFileType = image.jpeg; path = coronaSurvey4.jpg; sourceTree = "<group>"; };
		105424312515D9F90032FF9F /* coronaSurvey3.jpg */ = {isa = PBXFileReference; lastKnownFileType = image.jpeg; path = coronaSurvey3.jpg; sourceTree = "<group>"; };
		105424322515D9F90032FF9F /* coronaSurvey2.png */ = {isa = PBXFileReference; lastKnownFileType = image.png; path = coronaSurvey2.png; sourceTree = "<group>"; };
		105424332515D9FA0032FF9F /* coronaSurvey1.jpg */ = {isa = PBXFileReference; lastKnownFileType = image.jpeg; path = coronaSurvey1.jpg; sourceTree = "<group>"; };
		1070D70F250DB85B009B04AD /* NotificationViewController.swift */ = {isa = PBXFileReference; lastKnownFileType = sourcecode.swift; path = NotificationViewController.swift; sourceTree = "<group>"; };
		1070D715250DBC2A009B04AD /* NewSurvey.storyboard */ = {isa = PBXFileReference; fileEncoding = 4; lastKnownFileType = file.storyboard; path = NewSurvey.storyboard; sourceTree = "<group>"; };
		1070D719250DD7AA009B04AD /* NewSurveyViewController.swift */ = {isa = PBXFileReference; lastKnownFileType = sourcecode.swift; path = NewSurveyViewController.swift; sourceTree = "<group>"; };
		1070D71D250DE026009B04AD /* SafeActionViewController.swift */ = {isa = PBXFileReference; lastKnownFileType = sourcecode.swift; path = SafeActionViewController.swift; sourceTree = "<group>"; };
		1070D727250E09E1009B04AD /* SafeAction.storyboard */ = {isa = PBXFileReference; fileEncoding = 4; lastKnownFileType = file.storyboard; path = SafeAction.storyboard; sourceTree = "<group>"; };
		108381C024ED89F900B6E89D /* Main.storyboard */ = {isa = PBXFileReference; lastKnownFileType = file.storyboard; path = Main.storyboard; sourceTree = "<group>"; };
		108381CB24ED90FF00B6E89D /* coronavirus_logo-2.jpg */ = {isa = PBXFileReference; lastKnownFileType = image.jpeg; name = "coronavirus_logo-2.jpg"; path = "../../../../Downloads/coronavirus_logo-2.jpg"; sourceTree = "<group>"; };
		108381D024EEC70900B6E89D /* SettingViewController.swift */ = {isa = PBXFileReference; lastKnownFileType = sourcecode.swift; path = SettingViewController.swift; sourceTree = "<group>"; };
		108381D424EED33400B6E89D /* Home.storyboard */ = {isa = PBXFileReference; fileEncoding = 4; lastKnownFileType = file.storyboard; path = Home.storyboard; sourceTree = "<group>"; };
		108381D624EED34800B6E89D /* Update.storyboard */ = {isa = PBXFileReference; fileEncoding = 4; lastKnownFileType = file.storyboard; path = Update.storyboard; sourceTree = "<group>"; };
		108381D824EED35900B6E89D /* Setting.storyboard */ = {isa = PBXFileReference; fileEncoding = 4; lastKnownFileType = file.storyboard; path = Setting.storyboard; sourceTree = "<group>"; };
		108381FD24F0AED000B6E89D /* GoogleService-Info.plist */ = {isa = PBXFileReference; fileEncoding = 4; lastKnownFileType = text.plist.xml; path = "GoogleService-Info.plist"; sourceTree = "<group>"; };
		108381FF24F0B61A00B6E89D /* ViewController.swift */ = {isa = PBXFileReference; lastKnownFileType = sourcecode.swift; path = ViewController.swift; sourceTree = "<group>"; };
		1083820124F0D7C200B6E89D /* Signup.storyboard */ = {isa = PBXFileReference; lastKnownFileType = file.storyboard; path = Signup.storyboard; sourceTree = "<group>"; };
		1083820324F0D7D900B6E89D /* LoginView.storyboard */ = {isa = PBXFileReference; lastKnownFileType = file.storyboard; path = LoginView.storyboard; sourceTree = "<group>"; };
		1083820524F0DE0000B6E89D /* UpdateViewController.swift */ = {isa = PBXFileReference; lastKnownFileType = sourcecode.swift; path = UpdateViewController.swift; sourceTree = "<group>"; };
		1083820724F10BEB00B6E89D /* SignupViewController.swift */ = {isa = PBXFileReference; lastKnownFileType = sourcecode.swift; path = SignupViewController.swift; sourceTree = "<group>"; };
		1083820924F113FC00B6E89D /* SignUpView.storyboard */ = {isa = PBXFileReference; fileEncoding = 4; lastKnownFileType = file.storyboard; path = SignUpView.storyboard; sourceTree = "<group>"; };
		1083820B24F11D3900B6E89D /* Login.storyboard */ = {isa = PBXFileReference; fileEncoding = 4; lastKnownFileType = file.storyboard; path = Login.storyboard; sourceTree = "<group>"; };
		1083820D24F11D7D00B6E89D /* LoginViewController.swift */ = {isa = PBXFileReference; lastKnownFileType = sourcecode.swift; path = LoginViewController.swift; sourceTree = "<group>"; };
		1083820F24F14DBA00B6E89D /* Authentication.storyboard */ = {isa = PBXFileReference; lastKnownFileType = file.storyboard; path = Authentication.storyboard; sourceTree = "<group>"; };
		1083821124F15D5E00B6E89D /* AuthenticationViewController.swift */ = {isa = PBXFileReference; lastKnownFileType = sourcecode.swift; path = AuthenticationViewController.swift; sourceTree = "<group>"; };
		1083821324F163D400B6E89D /* UpdateAuthentication.storyboard */ = {isa = PBXFileReference; fileEncoding = 4; lastKnownFileType = file.storyboard; path = UpdateAuthentication.storyboard; sourceTree = "<group>"; };
		1083821524F1DAF000B6E89D /* AuthenticationSignin.storyboard */ = {isa = PBXFileReference; fileEncoding = 4; lastKnownFileType = file.storyboard; path = AuthenticationSignin.storyboard; sourceTree = "<group>"; };
		1083821724F2334600B6E89D /* ContactUs.storyboard */ = {isa = PBXFileReference; lastKnownFileType = file.storyboard; path = ContactUs.storyboard; sourceTree = "<group>"; };
		1083821924F2340F00B6E89D /* ShareApp.storyboard */ = {isa = PBXFileReference; lastKnownFileType = file.storyboard; path = ShareApp.storyboard; sourceTree = "<group>"; };
		1083821B24F234A100B6E89D /* SurveyResults.storyboard */ = {isa = PBXFileReference; lastKnownFileType = file.storyboard; path = SurveyResults.storyboard; sourceTree = "<group>"; };
		1083821D24F234EE00B6E89D /* UserProfile.storyboard */ = {isa = PBXFileReference; lastKnownFileType = file.storyboard; path = UserProfile.storyboard; sourceTree = "<group>"; };
		1083821F24F236A100B6E89D /* ContactUsViewController.swift */ = {isa = PBXFileReference; lastKnownFileType = sourcecode.swift; path = ContactUsViewController.swift; sourceTree = "<group>"; };
		1083822124F239FE00B6E89D /* ShareAppViewController.swift */ = {isa = PBXFileReference; lastKnownFileType = sourcecode.swift; path = ShareAppViewController.swift; sourceTree = "<group>"; };
		1083822324F23A2D00B6E89D /* SurveyResultViewController.swift */ = {isa = PBXFileReference; lastKnownFileType = sourcecode.swift; path = SurveyResultViewController.swift; sourceTree = "<group>"; };
		1083822524F23A4C00B6E89D /* UserProfileViewController.swift */ = {isa = PBXFileReference; lastKnownFileType = sourcecode.swift; path = UserProfileViewController.swift; sourceTree = "<group>"; };
		1083822724F23BF000B6E89D /* SettingItem.storyboard */ = {isa = PBXFileReference; fileEncoding = 4; lastKnownFileType = file.storyboard; path = SettingItem.storyboard; sourceTree = "<group>"; };
		1083822924F2445500B6E89D /* ContactUsItem.storyboard */ = {isa = PBXFileReference; fileEncoding = 4; lastKnownFileType = file.storyboard; path = ContactUsItem.storyboard; sourceTree = "<group>"; };
		1083822B24F2446A00B6E89D /* ShareAppItem.storyboard */ = {isa = PBXFileReference; fileEncoding = 4; lastKnownFileType = file.storyboard; path = ShareAppItem.storyboard; sourceTree = "<group>"; };
		1083822D24F2448200B6E89D /* SurveyResultItem.storyboard */ = {isa = PBXFileReference; fileEncoding = 4; lastKnownFileType = file.storyboard; path = SurveyResultItem.storyboard; sourceTree = "<group>"; };
		1083822F24F2449D00B6E89D /* UserProfileItem.storyboard */ = {isa = PBXFileReference; fileEncoding = 4; lastKnownFileType = file.storyboard; path = UserProfileItem.storyboard; sourceTree = "<group>"; };
		1083823124F253EB00B6E89D /* GeofencingView.storyboard */ = {isa = PBXFileReference; lastKnownFileType = file.storyboard; path = GeofencingView.storyboard; sourceTree = "<group>"; };
		1083823424F27BA100B6E89D /* UserLocation.swift */ = {isa = PBXFileReference; lastKnownFileType = sourcecode.swift; path = UserLocation.swift; sourceTree = "<group>"; };
		1083823624F27BB900B6E89D /* UserRole.swift */ = {isa = PBXFileReference; lastKnownFileType = sourcecode.swift; path = UserRole.swift; sourceTree = "<group>"; };
		1083823824F27BF300B6E89D /* UserDetail.swift */ = {isa = PBXFileReference; lastKnownFileType = sourcecode.swift; path = UserDetail.swift; sourceTree = "<group>"; };
		1083823A24F27C0400B6E89D /* Notification.swift */ = {isa = PBXFileReference; lastKnownFileType = sourcecode.swift; path = Notification.swift; sourceTree = "<group>"; };
		10B5A4AD2514FBC700A8A056 /* NotificationListViewController.swift */ = {isa = PBXFileReference; lastKnownFileType = sourcecode.swift; path = NotificationListViewController.swift; sourceTree = "<group>"; };
		10C90DD724ED77D900B2FB43 /* NIBMCOVID19.app */ = {isa = PBXFileReference; explicitFileType = wrapper.application; includeInIndex = 0; path = NIBMCOVID19.app; sourceTree = BUILT_PRODUCTS_DIR; };
		10C90DDA24ED77D900B2FB43 /* AppDelegate.swift */ = {isa = PBXFileReference; lastKnownFileType = sourcecode.swift; path = AppDelegate.swift; sourceTree = "<group>"; };
		10C90DDC24ED77D900B2FB43 /* SceneDelegate.swift */ = {isa = PBXFileReference; lastKnownFileType = sourcecode.swift; path = SceneDelegate.swift; sourceTree = "<group>"; };
		10C90DDE24ED77D900B2FB43 /* FirstViewController.swift */ = {isa = PBXFileReference; lastKnownFileType = sourcecode.swift; path = FirstViewController.swift; sourceTree = "<group>"; };
		10C90DE024ED77D900B2FB43 /* SecondViewController.swift */ = {isa = PBXFileReference; lastKnownFileType = sourcecode.swift; path = SecondViewController.swift; sourceTree = "<group>"; };
		10C90DE624ED77D900B2FB43 /* NIBMCOVID19.xcdatamodel */ = {isa = PBXFileReference; lastKnownFileType = wrapper.xcdatamodel; path = NIBMCOVID19.xcdatamodel; sourceTree = "<group>"; };
		10C90DE824ED77D900B2FB43 /* Assets.xcassets */ = {isa = PBXFileReference; lastKnownFileType = folder.assetcatalog; path = Assets.xcassets; sourceTree = "<group>"; };
		10C90DEB24ED77D900B2FB43 /* Base */ = {isa = PBXFileReference; lastKnownFileType = file.storyboard; name = Base; path = Base.lproj/LaunchScreen.storyboard; sourceTree = "<group>"; };
		10C90DED24ED77D900B2FB43 /* Info.plist */ = {isa = PBXFileReference; lastKnownFileType = text.plist.xml; path = Info.plist; sourceTree = "<group>"; };
		10C90DF224ED77DA00B2FB43 /* NIBMCOVID19Tests.xctest */ = {isa = PBXFileReference; explicitFileType = wrapper.cfbundle; includeInIndex = 0; path = NIBMCOVID19Tests.xctest; sourceTree = BUILT_PRODUCTS_DIR; };
		10C90DF624ED77DA00B2FB43 /* NIBMCOVID19Tests.swift */ = {isa = PBXFileReference; lastKnownFileType = sourcecode.swift; path = NIBMCOVID19Tests.swift; sourceTree = "<group>"; };
		10C90DF824ED77DA00B2FB43 /* Info.plist */ = {isa = PBXFileReference; lastKnownFileType = text.plist.xml; path = Info.plist; sourceTree = "<group>"; };
		10C90DFD24ED77DA00B2FB43 /* NIBMCOVID19UITests.xctest */ = {isa = PBXFileReference; explicitFileType = wrapper.cfbundle; includeInIndex = 0; path = NIBMCOVID19UITests.xctest; sourceTree = BUILT_PRODUCTS_DIR; };
		10C90E0124ED77DA00B2FB43 /* NIBMCOVID19UITests.swift */ = {isa = PBXFileReference; lastKnownFileType = sourcecode.swift; path = NIBMCOVID19UITests.swift; sourceTree = "<group>"; };
		10C90E0324ED77DA00B2FB43 /* Info.plist */ = {isa = PBXFileReference; lastKnownFileType = text.plist.xml; path = Info.plist; sourceTree = "<group>"; };
		17426122F500D6C8B1887EDE /* Pods-NIBMCOVID19.release.xcconfig */ = {isa = PBXFileReference; includeInIndex = 1; lastKnownFileType = text.xcconfig; name = "Pods-NIBMCOVID19.release.xcconfig"; path = "Target Support Files/Pods-NIBMCOVID19/Pods-NIBMCOVID19.release.xcconfig"; sourceTree = "<group>"; };
		2FC586BC77F57028E4AF71E9 /* Pods-NIBMCOVID19.debug.xcconfig */ = {isa = PBXFileReference; includeInIndex = 1; lastKnownFileType = text.xcconfig; name = "Pods-NIBMCOVID19.debug.xcconfig"; path = "Target Support Files/Pods-NIBMCOVID19/Pods-NIBMCOVID19.debug.xcconfig"; sourceTree = "<group>"; };
		47F7A72C052A2CC71EDCF6CA /* Pods_NIBMCOVID19.framework */ = {isa = PBXFileReference; explicitFileType = wrapper.framework; includeInIndex = 0; path = Pods_NIBMCOVID19.framework; sourceTree = BUILT_PRODUCTS_DIR; };
		5E2F4C07D228D30FF0B85454 /* Pods_NIBMCOVID19_NIBMCOVID19UITests.framework */ = {isa = PBXFileReference; explicitFileType = wrapper.framework; includeInIndex = 0; path = Pods_NIBMCOVID19_NIBMCOVID19UITests.framework; sourceTree = BUILT_PRODUCTS_DIR; };
		66C6D56570F19DF08F96617C /* Pods-NIBMCOVID19Tests.release.xcconfig */ = {isa = PBXFileReference; includeInIndex = 1; lastKnownFileType = text.xcconfig; name = "Pods-NIBMCOVID19Tests.release.xcconfig"; path = "Target Support Files/Pods-NIBMCOVID19Tests/Pods-NIBMCOVID19Tests.release.xcconfig"; sourceTree = "<group>"; };
		87AA91E416F2E97E0662CDD8 /* Pods-NIBMCOVID19-NIBMCOVID19UITests.release.xcconfig */ = {isa = PBXFileReference; includeInIndex = 1; lastKnownFileType = text.xcconfig; name = "Pods-NIBMCOVID19-NIBMCOVID19UITests.release.xcconfig"; path = "Target Support Files/Pods-NIBMCOVID19-NIBMCOVID19UITests/Pods-NIBMCOVID19-NIBMCOVID19UITests.release.xcconfig"; sourceTree = "<group>"; };
		A90788095BA48BD8F43FA519 /* Pods-NIBMCOVID19Tests.debug.xcconfig */ = {isa = PBXFileReference; includeInIndex = 1; lastKnownFileType = text.xcconfig; name = "Pods-NIBMCOVID19Tests.debug.xcconfig"; path = "Target Support Files/Pods-NIBMCOVID19Tests/Pods-NIBMCOVID19Tests.debug.xcconfig"; sourceTree = "<group>"; };
		E63AE77CC34DE8269CE26DA0 /* Pods_NIBMCOVID19Tests.framework */ = {isa = PBXFileReference; explicitFileType = wrapper.framework; includeInIndex = 0; path = Pods_NIBMCOVID19Tests.framework; sourceTree = BUILT_PRODUCTS_DIR; };
/* End PBXFileReference section */

/* Begin PBXFrameworksBuildPhase section */
		10C90DD424ED77D900B2FB43 /* Frameworks */ = {
			isa = PBXFrameworksBuildPhase;
			buildActionMask = 2147483647;
			files = (
				7F7E11DFCCE3EE72BD5B8761 /* Pods_NIBMCOVID19.framework in Frameworks */,
			);
			runOnlyForDeploymentPostprocessing = 0;
		};
		10C90DEF24ED77DA00B2FB43 /* Frameworks */ = {
			isa = PBXFrameworksBuildPhase;
			buildActionMask = 2147483647;
			files = (
				7037342353907FA42FB352FD /* Pods_NIBMCOVID19Tests.framework in Frameworks */,
			);
			runOnlyForDeploymentPostprocessing = 0;
		};
		10C90DFA24ED77DA00B2FB43 /* Frameworks */ = {
			isa = PBXFrameworksBuildPhase;
			buildActionMask = 2147483647;
			files = (
				CF46B7C69DECC1E323CDE230 /* Pods_NIBMCOVID19_NIBMCOVID19UITests.framework in Frameworks */,
			);
			runOnlyForDeploymentPostprocessing = 0;
		};
/* End PBXFrameworksBuildPhase section */

/* Begin PBXGroup section */
		101A786D24F282910080845F /* Service */ = {
			isa = PBXGroup;
			children = (
				101A786E24F282AE0080845F /* Service.swift */,
			);
			path = Service;
			sourceTree = "<group>";
		};
		101F3EDC250F7E2A00B8B9B5 /* Contants */ = {
			isa = PBXGroup;
			children = (
				101F3EDD250F7E7600B8B9B5 /* Constants.swift */,
				101F3EDF250F84C800B8B9B5 /* ArtworkView.swift */,
				101F3EE1250F854700B8B9B5 /* Artwork.swift */,
			);
			path = Contants;
			sourceTree = "<group>";
		};
		108381CA24ED90E100B6E89D /* Images */ = {
			isa = PBXGroup;
			children = (
				105424332515D9FA0032FF9F /* coronaSurvey1.jpg */,
				105424322515D9F90032FF9F /* coronaSurvey2.png */,
				105424312515D9F90032FF9F /* coronaSurvey3.jpg */,
				105424302515D9F80032FF9F /* coronaSurvey4.jpg */,
				101F3ED8250E81FA00B8B9B5 /* avoidcrowded.jpg */,
				101F3ED1250E7F5F00B8B9B5 /* fightcorona.jpg */,
				101F3ECF250E7F5E00B8B9B5 /* Handwashing.jpg */,
				101F3ED0250E7F5F00B8B9B5 /* wearmask.jpg */,
				108381CB24ED90FF00B6E89D /* coronavirus_logo-2.jpg */,
			);
			path = Images;
			sourceTree = "<group>";
		};
		108381CD24EEC63C00B6E89D /* SupportFiles */ = {
			isa = PBXGroup;
			children = (
				10C90DDC24ED77D900B2FB43 /* SceneDelegate.swift */,
				10C90DE824ED77D900B2FB43 /* Assets.xcassets */,
				10C90DEA24ED77D900B2FB43 /* LaunchScreen.storyboard */,
				108381C024ED89F900B6E89D /* Main.storyboard */,
				108381D824EED35900B6E89D /* Setting.storyboard */,
				1083822F24F2449D00B6E89D /* UserProfileItem.storyboard */,
				1083822D24F2448200B6E89D /* SurveyResultItem.storyboard */,
				1083822B24F2446A00B6E89D /* ShareAppItem.storyboard */,
				1083822924F2445500B6E89D /* ContactUsItem.storyboard */,
				1083822724F23BF000B6E89D /* SettingItem.storyboard */,
				1083820B24F11D3900B6E89D /* Login.storyboard */,
				1083820924F113FC00B6E89D /* SignUpView.storyboard */,
				108381D624EED34800B6E89D /* Update.storyboard */,
				1070D715250DBC2A009B04AD /* NewSurvey.storyboard */,
				1083821324F163D400B6E89D /* UpdateAuthentication.storyboard */,
				108381D424EED33400B6E89D /* Home.storyboard */,
				1070D727250E09E1009B04AD /* SafeAction.storyboard */,
				1083820124F0D7C200B6E89D /* Signup.storyboard */,
				1083820324F0D7D900B6E89D /* LoginView.storyboard */,
				1083820F24F14DBA00B6E89D /* Authentication.storyboard */,
				1083821524F1DAF000B6E89D /* AuthenticationSignin.storyboard */,
				1083821724F2334600B6E89D /* ContactUs.storyboard */,
				1083821924F2340F00B6E89D /* ShareApp.storyboard */,
				1083821B24F234A100B6E89D /* SurveyResults.storyboard */,
				1083821D24F234EE00B6E89D /* UserProfile.storyboard */,
				1083823124F253EB00B6E89D /* GeofencingView.storyboard */,
				102C78AB2512468C007B55C4 /* demo1.storyboard */,
				102C78AD2512469F007B55C4 /* demo2.storyboard */,
			);
			path = SupportFiles;
			sourceTree = "<group>";
		};
		108381CE24EEC67500B6E89D /* Extensions */ = {
			isa = PBXGroup;
			children = (
				101A787624F283A30080845F /* LocationHandler.swift */,
				101A787824F284250080845F /* Extensions.swift */,
			);
			path = Extensions;
			sourceTree = "<group>";
		};
		108381CF24EEC68A00B6E89D /* CustomUI */ = {
			isa = PBXGroup;
			children = (
				101A787A24F284B50080845F /* AuthButtonUIButton.swift */,
				101A787C24F2933D0080845F /* CustomTableViewCell.swift */,
			);
			path = CustomUI;
			sourceTree = "<group>";
		};
		1083823324F27B5F00B6E89D /* Model */ = {
			isa = PBXGroup;
			children = (
				1083823424F27BA100B6E89D /* UserLocation.swift */,
				1083823624F27BB900B6E89D /* UserRole.swift */,
				1083823824F27BF300B6E89D /* UserDetail.swift */,
				1083823A24F27C0400B6E89D /* Notification.swift */,
				101A787024F283000080845F /* User.swift */,
				101A787224F283360080845F /* Trip.swift */,
				101A787424F283630080845F /* DriverAnnotation.swift */,
			);
			path = Model;
			sourceTree = "<group>";
		};
		10C90DCE24ED77D900B2FB43 = {
			isa = PBXGroup;
			children = (
				101F3EDC250F7E2A00B8B9B5 /* Contants */,
				101A786D24F282910080845F /* Service */,
				1083823324F27B5F00B6E89D /* Model */,
				108381CA24ED90E100B6E89D /* Images */,
				10C90DD924ED77D900B2FB43 /* NIBMCOVID19 */,
				10C90DF524ED77DA00B2FB43 /* NIBMCOVID19Tests */,
				10C90E0024ED77DA00B2FB43 /* NIBMCOVID19UITests */,
				10C90DD824ED77D900B2FB43 /* Products */,
				85A2C904A88ACC34C801EA1D /* Pods */,
				C5AEFC46D0D1CE96FB20C0CE /* Frameworks */,
			);
			sourceTree = "<group>";
		};
		10C90DD824ED77D900B2FB43 /* Products */ = {
			isa = PBXGroup;
			children = (
				10C90DD724ED77D900B2FB43 /* NIBMCOVID19.app */,
				10C90DF224ED77DA00B2FB43 /* NIBMCOVID19Tests.xctest */,
				10C90DFD24ED77DA00B2FB43 /* NIBMCOVID19UITests.xctest */,
			);
			name = Products;
			sourceTree = "<group>";
		};
		10C90DD924ED77D900B2FB43 /* NIBMCOVID19 */ = {
			isa = PBXGroup;
			children = (
				10C90DDA24ED77D900B2FB43 /* AppDelegate.swift */,
				10C90DDE24ED77D900B2FB43 /* FirstViewController.swift */,
				10C90DE024ED77D900B2FB43 /* SecondViewController.swift */,
				108381FF24F0B61A00B6E89D /* ViewController.swift */,
				108381D024EEC70900B6E89D /* SettingViewController.swift */,
				101A788024F359510080845F /* GeofencingCtrlViewController.swift */,
				108381CD24EEC63C00B6E89D /* SupportFiles */,
				10C90DED24ED77D900B2FB43 /* Info.plist */,
				108381FD24F0AED000B6E89D /* GoogleService-Info.plist */,
				10C90DE524ED77D900B2FB43 /* NIBMCOVID19.xcdatamodeld */,
				108381CF24EEC68A00B6E89D /* CustomUI */,
				108381CE24EEC67500B6E89D /* Extensions */,
				1083820524F0DE0000B6E89D /* UpdateViewController.swift */,
				1083820724F10BEB00B6E89D /* SignupViewController.swift */,
				1083820D24F11D7D00B6E89D /* LoginViewController.swift */,
				1083821124F15D5E00B6E89D /* AuthenticationViewController.swift */,
				1083821F24F236A100B6E89D /* ContactUsViewController.swift */,
				1083822124F239FE00B6E89D /* ShareAppViewController.swift */,
				1083822324F23A2D00B6E89D /* SurveyResultViewController.swift */,
				1083822524F23A4C00B6E89D /* UserProfileViewController.swift */,
				1070D70F250DB85B009B04AD /* NotificationViewController.swift */,
				1070D719250DD7AA009B04AD /* NewSurveyViewController.swift */,
				1070D71D250DE026009B04AD /* SafeActionViewController.swift */,
				102C78AF2512472A007B55C4 /* Demo1ViewController.swift */,
				10B5A4AD2514FBC700A8A056 /* NotificationListViewController.swift */,
			);
			path = NIBMCOVID19;
			sourceTree = "<group>";
		};
		10C90DF524ED77DA00B2FB43 /* NIBMCOVID19Tests */ = {
			isa = PBXGroup;
			children = (
				10C90DF624ED77DA00B2FB43 /* NIBMCOVID19Tests.swift */,
				10C90DF824ED77DA00B2FB43 /* Info.plist */,
				101F3EDA250EEAD200B8B9B5 /* LoginUnitTest.swift */,
			);
			path = NIBMCOVID19Tests;
			sourceTree = "<group>";
		};
		10C90E0024ED77DA00B2FB43 /* NIBMCOVID19UITests */ = {
			isa = PBXGroup;
			children = (
				10C90E0124ED77DA00B2FB43 /* NIBMCOVID19UITests.swift */,
				10C90E0324ED77DA00B2FB43 /* Info.plist */,
			);
			path = NIBMCOVID19UITests;
			sourceTree = "<group>";
		};
		85A2C904A88ACC34C801EA1D /* Pods */ = {
			isa = PBXGroup;
			children = (
				2FC586BC77F57028E4AF71E9 /* Pods-NIBMCOVID19.debug.xcconfig */,
				17426122F500D6C8B1887EDE /* Pods-NIBMCOVID19.release.xcconfig */,
				028E32361648F70B20AB45B2 /* Pods-NIBMCOVID19-NIBMCOVID19UITests.debug.xcconfig */,
				87AA91E416F2E97E0662CDD8 /* Pods-NIBMCOVID19-NIBMCOVID19UITests.release.xcconfig */,
				A90788095BA48BD8F43FA519 /* Pods-NIBMCOVID19Tests.debug.xcconfig */,
				66C6D56570F19DF08F96617C /* Pods-NIBMCOVID19Tests.release.xcconfig */,
			);
			path = Pods;
			sourceTree = "<group>";
		};
		C5AEFC46D0D1CE96FB20C0CE /* Frameworks */ = {
			isa = PBXGroup;
			children = (
				47F7A72C052A2CC71EDCF6CA /* Pods_NIBMCOVID19.framework */,
				5E2F4C07D228D30FF0B85454 /* Pods_NIBMCOVID19_NIBMCOVID19UITests.framework */,
				E63AE77CC34DE8269CE26DA0 /* Pods_NIBMCOVID19Tests.framework */,
			);
			name = Frameworks;
			sourceTree = "<group>";
		};
/* End PBXGroup section */

/* Begin PBXNativeTarget section */
		10C90DD624ED77D900B2FB43 /* NIBMCOVID19 */ = {
			isa = PBXNativeTarget;
			buildConfigurationList = 10C90E0624ED77DA00B2FB43 /* Build configuration list for PBXNativeTarget "NIBMCOVID19" */;
			buildPhases = (
				FA52E6066422B3ECC545D273 /* [CP] Check Pods Manifest.lock */,
				10C90DD324ED77D900B2FB43 /* Sources */,
				10C90DD424ED77D900B2FB43 /* Frameworks */,
				10C90DD524ED77D900B2FB43 /* Resources */,
				7DD19770C9FB0FC1B634E4A4 /* [CP] Embed Pods Frameworks */,
			);
			buildRules = (
			);
			dependencies = (
			);
			name = NIBMCOVID19;
			productName = NIBMCOVID19;
			productReference = 10C90DD724ED77D900B2FB43 /* NIBMCOVID19.app */;
			productType = "com.apple.product-type.application";
		};
		10C90DF124ED77DA00B2FB43 /* NIBMCOVID19Tests */ = {
			isa = PBXNativeTarget;
			buildConfigurationList = 10C90E0924ED77DA00B2FB43 /* Build configuration list for PBXNativeTarget "NIBMCOVID19Tests" */;
			buildPhases = (
				DD3B473B572B9177EB3562B5 /* [CP] Check Pods Manifest.lock */,
				10C90DEE24ED77DA00B2FB43 /* Sources */,
				10C90DEF24ED77DA00B2FB43 /* Frameworks */,
				10C90DF024ED77DA00B2FB43 /* Resources */,
			);
			buildRules = (
			);
			dependencies = (
				10C90DF424ED77DA00B2FB43 /* PBXTargetDependency */,
			);
			name = NIBMCOVID19Tests;
			productName = NIBMCOVID19Tests;
			productReference = 10C90DF224ED77DA00B2FB43 /* NIBMCOVID19Tests.xctest */;
			productType = "com.apple.product-type.bundle.unit-test";
		};
		10C90DFC24ED77DA00B2FB43 /* NIBMCOVID19UITests */ = {
			isa = PBXNativeTarget;
			buildConfigurationList = 10C90E0C24ED77DA00B2FB43 /* Build configuration list for PBXNativeTarget "NIBMCOVID19UITests" */;
			buildPhases = (
				5021FEA7206BAA86180DBD26 /* [CP] Check Pods Manifest.lock */,
				10C90DF924ED77DA00B2FB43 /* Sources */,
				10C90DFA24ED77DA00B2FB43 /* Frameworks */,
				10C90DFB24ED77DA00B2FB43 /* Resources */,
				3CAAAC946E6E3DF3E71DFE13 /* [CP] Embed Pods Frameworks */,
			);
			buildRules = (
			);
			dependencies = (
				10C90DFF24ED77DA00B2FB43 /* PBXTargetDependency */,
			);
			name = NIBMCOVID19UITests;
			productName = NIBMCOVID19UITests;
			productReference = 10C90DFD24ED77DA00B2FB43 /* NIBMCOVID19UITests.xctest */;
			productType = "com.apple.product-type.bundle.ui-testing";
		};
/* End PBXNativeTarget section */

/* Begin PBXProject section */
		10C90DCF24ED77D900B2FB43 /* Project object */ = {
			isa = PBXProject;
			attributes = {
				LastSwiftUpdateCheck = 1150;
				LastUpgradeCheck = 1150;
				ORGANIZATIONNAME = "Ramesh Sheran";
				TargetAttributes = {
					10C90DD624ED77D900B2FB43 = {
						CreatedOnToolsVersion = 11.5;
					};
					10C90DF124ED77DA00B2FB43 = {
						CreatedOnToolsVersion = 11.5;
						TestTargetID = 10C90DD624ED77D900B2FB43;
					};
					10C90DFC24ED77DA00B2FB43 = {
						CreatedOnToolsVersion = 11.5;
						TestTargetID = 10C90DD624ED77D900B2FB43;
					};
				};
			};
			buildConfigurationList = 10C90DD224ED77D900B2FB43 /* Build configuration list for PBXProject "NIBMCOVID19" */;
			compatibilityVersion = "Xcode 11.0";
			developmentRegion = en;
			hasScannedForEncodings = 0;
			knownRegions = (
				en,
				Base,
			);
			mainGroup = 10C90DCE24ED77D900B2FB43;
			productRefGroup = 10C90DD824ED77D900B2FB43 /* Products */;
			projectDirPath = "";
			projectRoot = "";
			targets = (
				10C90DD624ED77D900B2FB43 /* NIBMCOVID19 */,
				10C90DF124ED77DA00B2FB43 /* NIBMCOVID19Tests */,
				10C90DFC24ED77DA00B2FB43 /* NIBMCOVID19UITests */,
			);
		};
/* End PBXProject section */

/* Begin PBXResourcesBuildPhase section */
		10C90DD524ED77D900B2FB43 /* Resources */ = {
			isa = PBXResourcesBuildPhase;
			buildActionMask = 2147483647;
			files = (
				1083823024F2449D00B6E89D /* UserProfileItem.storyboard in Resources */,
				108381CC24ED90FF00B6E89D /* coronavirus_logo-2.jpg in Resources */,
				1083821C24F234A100B6E89D /* SurveyResults.storyboard in Resources */,
				1083822A24F2445500B6E89D /* ContactUsItem.storyboard in Resources */,
				108381FE24F0AED000B6E89D /* GoogleService-Info.plist in Resources */,
				1083821024F14DBA00B6E89D /* Authentication.storyboard in Resources */,
				1083821424F163D400B6E89D /* UpdateAuthentication.storyboard in Resources */,
				108381D524EED33400B6E89D /* Home.storyboard in Resources */,
				1083822C24F2446A00B6E89D /* ShareAppItem.storyboard in Resources */,
				105424372515D9FA0032FF9F /* coronaSurvey1.jpg in Resources */,
				108381D924EED35900B6E89D /* Setting.storyboard in Resources */,
				1083820224F0D7C200B6E89D /* Signup.storyboard in Resources */,
				1083821624F1DAF000B6E89D /* AuthenticationSignin.storyboard in Resources */,
				10C90DEC24ED77D900B2FB43 /* LaunchScreen.storyboard in Resources */,
				102C78AE2512469F007B55C4 /* demo2.storyboard in Resources */,
				1083821A24F2340F00B6E89D /* ShareApp.storyboard in Resources */,
				105424352515D9FA0032FF9F /* coronaSurvey3.jpg in Resources */,
				101F3ED6250E7F5F00B8B9B5 /* wearmask.jpg in Resources */,
				101F3ED9250E81FA00B8B9B5 /* avoidcrowded.jpg in Resources */,
				1083820A24F113FC00B6E89D /* SignUpView.storyboard in Resources */,
				1070D716250DBC2A009B04AD /* NewSurvey.storyboard in Resources */,
				108381D724EED34800B6E89D /* Update.storyboard in Resources */,
				1083820C24F11D3900B6E89D /* Login.storyboard in Resources */,
				101F3ED5250E7F5F00B8B9B5 /* Handwashing.jpg in Resources */,
				1083822E24F2448200B6E89D /* SurveyResultItem.storyboard in Resources */,
				1083822824F23BF000B6E89D /* SettingItem.storyboard in Resources */,
				108381C124ED89F900B6E89D /* Main.storyboard in Resources */,
				101F3ED7250E7F5F00B8B9B5 /* fightcorona.jpg in Resources */,
				10C90DE924ED77D900B2FB43 /* Assets.xcassets in Resources */,
				1083820424F0D7D900B6E89D /* LoginView.storyboard in Resources */,
				105424342515D9FA0032FF9F /* coronaSurvey4.jpg in Resources */,
				1083821E24F234EE00B6E89D /* UserProfile.storyboard in Resources */,
				1083821824F2334600B6E89D /* ContactUs.storyboard in Resources */,
				102C78AC2512468C007B55C4 /* demo1.storyboard in Resources */,
				1083823224F253EB00B6E89D /* GeofencingView.storyboard in Resources */,
				105424362515D9FA0032FF9F /* coronaSurvey2.png in Resources */,
				1070D728250E09E1009B04AD /* SafeAction.storyboard in Resources */,
			);
			runOnlyForDeploymentPostprocessing = 0;
		};
		10C90DF024ED77DA00B2FB43 /* Resources */ = {
			isa = PBXResourcesBuildPhase;
			buildActionMask = 2147483647;
			files = (
			);
			runOnlyForDeploymentPostprocessing = 0;
		};
		10C90DFB24ED77DA00B2FB43 /* Resources */ = {
			isa = PBXResourcesBuildPhase;
			buildActionMask = 2147483647;
			files = (
			);
			runOnlyForDeploymentPostprocessing = 0;
		};
/* End PBXResourcesBuildPhase section */

/* Begin PBXShellScriptBuildPhase section */
		3CAAAC946E6E3DF3E71DFE13 /* [CP] Embed Pods Frameworks */ = {
			isa = PBXShellScriptBuildPhase;
			buildActionMask = 2147483647;
			files = (
			);
			inputFileListPaths = (
				"${PODS_ROOT}/Target Support Files/Pods-NIBMCOVID19-NIBMCOVID19UITests/Pods-NIBMCOVID19-NIBMCOVID19UITests-frameworks-${CONFIGURATION}-input-files.xcfilelist",
			);
			name = "[CP] Embed Pods Frameworks";
			outputFileListPaths = (
				"${PODS_ROOT}/Target Support Files/Pods-NIBMCOVID19-NIBMCOVID19UITests/Pods-NIBMCOVID19-NIBMCOVID19UITests-frameworks-${CONFIGURATION}-output-files.xcfilelist",
			);
			runOnlyForDeploymentPostprocessing = 0;
			shellPath = /bin/sh;
			shellScript = "\"${PODS_ROOT}/Target Support Files/Pods-NIBMCOVID19-NIBMCOVID19UITests/Pods-NIBMCOVID19-NIBMCOVID19UITests-frameworks.sh\"\n";
			showEnvVarsInLog = 0;
		};
		5021FEA7206BAA86180DBD26 /* [CP] Check Pods Manifest.lock */ = {
			isa = PBXShellScriptBuildPhase;
			buildActionMask = 2147483647;
			files = (
			);
			inputFileListPaths = (
			);
			inputPaths = (
				"${PODS_PODFILE_DIR_PATH}/Podfile.lock",
				"${PODS_ROOT}/Manifest.lock",
			);
			name = "[CP] Check Pods Manifest.lock";
			outputFileListPaths = (
			);
			outputPaths = (
				"$(DERIVED_FILE_DIR)/Pods-NIBMCOVID19-NIBMCOVID19UITests-checkManifestLockResult.txt",
			);
			runOnlyForDeploymentPostprocessing = 0;
			shellPath = /bin/sh;
			shellScript = "diff \"${PODS_PODFILE_DIR_PATH}/Podfile.lock\" \"${PODS_ROOT}/Manifest.lock\" > /dev/null\nif [ $? != 0 ] ; then\n    # print error to STDERR\n    echo \"error: The sandbox is not in sync with the Podfile.lock. Run 'pod install' or update your CocoaPods installation.\" >&2\n    exit 1\nfi\n# This output is used by Xcode 'outputs' to avoid re-running this script phase.\necho \"SUCCESS\" > \"${SCRIPT_OUTPUT_FILE_0}\"\n";
			showEnvVarsInLog = 0;
		};
		7DD19770C9FB0FC1B634E4A4 /* [CP] Embed Pods Frameworks */ = {
			isa = PBXShellScriptBuildPhase;
			buildActionMask = 2147483647;
			files = (
			);
			inputFileListPaths = (
				"${PODS_ROOT}/Target Support Files/Pods-NIBMCOVID19/Pods-NIBMCOVID19-frameworks-${CONFIGURATION}-input-files.xcfilelist",
			);
			name = "[CP] Embed Pods Frameworks";
			outputFileListPaths = (
				"${PODS_ROOT}/Target Support Files/Pods-NIBMCOVID19/Pods-NIBMCOVID19-frameworks-${CONFIGURATION}-output-files.xcfilelist",
			);
			runOnlyForDeploymentPostprocessing = 0;
			shellPath = /bin/sh;
			shellScript = "\"${PODS_ROOT}/Target Support Files/Pods-NIBMCOVID19/Pods-NIBMCOVID19-frameworks.sh\"\n";
			showEnvVarsInLog = 0;
		};
		DD3B473B572B9177EB3562B5 /* [CP] Check Pods Manifest.lock */ = {
			isa = PBXShellScriptBuildPhase;
			buildActionMask = 2147483647;
			files = (
			);
			inputFileListPaths = (
			);
			inputPaths = (
				"${PODS_PODFILE_DIR_PATH}/Podfile.lock",
				"${PODS_ROOT}/Manifest.lock",
			);
			name = "[CP] Check Pods Manifest.lock";
			outputFileListPaths = (
			);
			outputPaths = (
				"$(DERIVED_FILE_DIR)/Pods-NIBMCOVID19Tests-checkManifestLockResult.txt",
			);
			runOnlyForDeploymentPostprocessing = 0;
			shellPath = /bin/sh;
			shellScript = "diff \"${PODS_PODFILE_DIR_PATH}/Podfile.lock\" \"${PODS_ROOT}/Manifest.lock\" > /dev/null\nif [ $? != 0 ] ; then\n    # print error to STDERR\n    echo \"error: The sandbox is not in sync with the Podfile.lock. Run 'pod install' or update your CocoaPods installation.\" >&2\n    exit 1\nfi\n# This output is used by Xcode 'outputs' to avoid re-running this script phase.\necho \"SUCCESS\" > \"${SCRIPT_OUTPUT_FILE_0}\"\n";
			showEnvVarsInLog = 0;
		};
		FA52E6066422B3ECC545D273 /* [CP] Check Pods Manifest.lock */ = {
			isa = PBXShellScriptBuildPhase;
			buildActionMask = 2147483647;
			files = (
			);
			inputFileListPaths = (
			);
			inputPaths = (
				"${PODS_PODFILE_DIR_PATH}/Podfile.lock",
				"${PODS_ROOT}/Manifest.lock",
			);
			name = "[CP] Check Pods Manifest.lock";
			outputFileListPaths = (
			);
			outputPaths = (
				"$(DERIVED_FILE_DIR)/Pods-NIBMCOVID19-checkManifestLockResult.txt",
			);
			runOnlyForDeploymentPostprocessing = 0;
			shellPath = /bin/sh;
			shellScript = "diff \"${PODS_PODFILE_DIR_PATH}/Podfile.lock\" \"${PODS_ROOT}/Manifest.lock\" > /dev/null\nif [ $? != 0 ] ; then\n    # print error to STDERR\n    echo \"error: The sandbox is not in sync with the Podfile.lock. Run 'pod install' or update your CocoaPods installation.\" >&2\n    exit 1\nfi\n# This output is used by Xcode 'outputs' to avoid re-running this script phase.\necho \"SUCCESS\" > \"${SCRIPT_OUTPUT_FILE_0}\"\n";
			showEnvVarsInLog = 0;
		};
/* End PBXShellScriptBuildPhase section */

/* Begin PBXSourcesBuildPhase section */
		10C90DD324ED77D900B2FB43 /* Sources */ = {
			isa = PBXSourcesBuildPhase;
			buildActionMask = 2147483647;
			files = (
				101A787524F283630080845F /* DriverAnnotation.swift in Sources */,
				101A787324F283360080845F /* Trip.swift in Sources */,
				1083820824F10BEB00B6E89D /* SignupViewController.swift in Sources */,
				1083822624F23A4C00B6E89D /* UserProfileViewController.swift in Sources */,
				10C90DE124ED77D900B2FB43 /* SecondViewController.swift in Sources */,
				1083823724F27BB900B6E89D /* UserRole.swift in Sources */,
				1083822224F239FE00B6E89D /* ShareAppViewController.swift in Sources */,
				101F3EDE250F7E7600B8B9B5 /* Constants.swift in Sources */,
				101F3EE2250F854700B8B9B5 /* Artwork.swift in Sources */,
				10B5A4AE2514FBC700A8A056 /* NotificationListViewController.swift in Sources */,
				10C90DDF24ED77D900B2FB43 /* FirstViewController.swift in Sources */,
				1083823524F27BA100B6E89D /* UserLocation.swift in Sources */,
				101A788124F359510080845F /* GeofencingCtrlViewController.swift in Sources */,
				1083823924F27BF300B6E89D /* UserDetail.swift in Sources */,
				1083822424F23A2D00B6E89D /* SurveyResultViewController.swift in Sources */,
				10C90DE724ED77D900B2FB43 /* NIBMCOVID19.xcdatamodeld in Sources */,
				1070D71A250DD7AA009B04AD /* NewSurveyViewController.swift in Sources */,
				10C90DDB24ED77D900B2FB43 /* AppDelegate.swift in Sources */,
				1070D71E250DE026009B04AD /* SafeActionViewController.swift in Sources */,
				1083820024F0B61A00B6E89D /* ViewController.swift in Sources */,
				1083823B24F27C0400B6E89D /* Notification.swift in Sources */,
				101A787724F283A30080845F /* LocationHandler.swift in Sources */,
				1083821224F15D5E00B6E89D /* AuthenticationViewController.swift in Sources */,
				10C90DDD24ED77D900B2FB43 /* SceneDelegate.swift in Sources */,
				101A787D24F2933D0080845F /* CustomTableViewCell.swift in Sources */,
				108381D124EEC70900B6E89D /* SettingViewController.swift in Sources */,
				1083820E24F11D7D00B6E89D /* LoginViewController.swift in Sources */,
				102C78B02512472A007B55C4 /* Demo1ViewController.swift in Sources */,
				101A787924F284250080845F /* Extensions.swift in Sources */,
				101A786F24F282AE0080845F /* Service.swift in Sources */,
				1083820624F0DE0000B6E89D /* UpdateViewController.swift in Sources */,
				1083822024F236A100B6E89D /* ContactUsViewController.swift in Sources */,
				1070D710250DB85C009B04AD /* NotificationViewController.swift in Sources */,
				101F3EE0250F84C800B8B9B5 /* ArtworkView.swift in Sources */,
				101A787124F283000080845F /* User.swift in Sources */,
				101A787B24F284B50080845F /* AuthButtonUIButton.swift in Sources */,
			);
			runOnlyForDeploymentPostprocessing = 0;
		};
		10C90DEE24ED77DA00B2FB43 /* Sources */ = {
			isa = PBXSourcesBuildPhase;
			buildActionMask = 2147483647;
			files = (
				10C90DF724ED77DA00B2FB43 /* NIBMCOVID19Tests.swift in Sources */,
				101F3EDB250EEAD200B8B9B5 /* LoginUnitTest.swift in Sources */,
			);
			runOnlyForDeploymentPostprocessing = 0;
		};
		10C90DF924ED77DA00B2FB43 /* Sources */ = {
			isa = PBXSourcesBuildPhase;
			buildActionMask = 2147483647;
			files = (
				10C90E0224ED77DA00B2FB43 /* NIBMCOVID19UITests.swift in Sources */,
			);
			runOnlyForDeploymentPostprocessing = 0;
		};
/* End PBXSourcesBuildPhase section */

/* Begin PBXTargetDependency section */
		10C90DF424ED77DA00B2FB43 /* PBXTargetDependency */ = {
			isa = PBXTargetDependency;
			target = 10C90DD624ED77D900B2FB43 /* NIBMCOVID19 */;
			targetProxy = 10C90DF324ED77DA00B2FB43 /* PBXContainerItemProxy */;
		};
		10C90DFF24ED77DA00B2FB43 /* PBXTargetDependency */ = {
			isa = PBXTargetDependency;
			target = 10C90DD624ED77D900B2FB43 /* NIBMCOVID19 */;
			targetProxy = 10C90DFE24ED77DA00B2FB43 /* PBXContainerItemProxy */;
		};
/* End PBXTargetDependency section */

/* Begin PBXVariantGroup section */
		10C90DEA24ED77D900B2FB43 /* LaunchScreen.storyboard */ = {
			isa = PBXVariantGroup;
			children = (
				10C90DEB24ED77D900B2FB43 /* Base */,
			);
			name = LaunchScreen.storyboard;
			sourceTree = "<group>";
		};
/* End PBXVariantGroup section */

/* Begin XCBuildConfiguration section */
		10C90E0424ED77DA00B2FB43 /* Debug */ = {
			isa = XCBuildConfiguration;
			buildSettings = {
				ALWAYS_SEARCH_USER_PATHS = NO;
				CLANG_ANALYZER_NONNULL = YES;
				CLANG_ANALYZER_NUMBER_OBJECT_CONVERSION = YES_AGGRESSIVE;
				CLANG_CXX_LANGUAGE_STANDARD = "gnu++14";
				CLANG_CXX_LIBRARY = "libc++";
				CLANG_ENABLE_MODULES = YES;
				CLANG_ENABLE_OBJC_ARC = YES;
				CLANG_ENABLE_OBJC_WEAK = YES;
				CLANG_WARN_BLOCK_CAPTURE_AUTORELEASING = YES;
				CLANG_WARN_BOOL_CONVERSION = YES;
				CLANG_WARN_COMMA = YES;
				CLANG_WARN_CONSTANT_CONVERSION = YES;
				CLANG_WARN_DEPRECATED_OBJC_IMPLEMENTATIONS = YES;
				CLANG_WARN_DIRECT_OBJC_ISA_USAGE = YES_ERROR;
				CLANG_WARN_DOCUMENTATION_COMMENTS = YES;
				CLANG_WARN_EMPTY_BODY = YES;
				CLANG_WARN_ENUM_CONVERSION = YES;
				CLANG_WARN_INFINITE_RECURSION = YES;
				CLANG_WARN_INT_CONVERSION = YES;
				CLANG_WARN_NON_LITERAL_NULL_CONVERSION = YES;
				CLANG_WARN_OBJC_IMPLICIT_RETAIN_SELF = YES;
				CLANG_WARN_OBJC_LITERAL_CONVERSION = YES;
				CLANG_WARN_OBJC_ROOT_CLASS = YES_ERROR;
				CLANG_WARN_RANGE_LOOP_ANALYSIS = YES;
				CLANG_WARN_STRICT_PROTOTYPES = YES;
				CLANG_WARN_SUSPICIOUS_MOVE = YES;
				CLANG_WARN_UNGUARDED_AVAILABILITY = YES_AGGRESSIVE;
				CLANG_WARN_UNREACHABLE_CODE = YES;
				CLANG_WARN__DUPLICATE_METHOD_MATCH = YES;
				COPY_PHASE_STRIP = NO;
				DEBUG_INFORMATION_FORMAT = dwarf;
				ENABLE_STRICT_OBJC_MSGSEND = YES;
				ENABLE_TESTABILITY = YES;
				GCC_C_LANGUAGE_STANDARD = gnu11;
				GCC_DYNAMIC_NO_PIC = NO;
				GCC_NO_COMMON_BLOCKS = YES;
				GCC_OPTIMIZATION_LEVEL = 0;
				GCC_PREPROCESSOR_DEFINITIONS = (
					"DEBUG=1",
					"$(inherited)",
				);
				GCC_WARN_64_TO_32_BIT_CONVERSION = YES;
				GCC_WARN_ABOUT_RETURN_TYPE = YES_ERROR;
				GCC_WARN_UNDECLARED_SELECTOR = YES;
				GCC_WARN_UNINITIALIZED_AUTOS = YES_AGGRESSIVE;
				GCC_WARN_UNUSED_FUNCTION = YES;
				GCC_WARN_UNUSED_VARIABLE = YES;
				IPHONEOS_DEPLOYMENT_TARGET = 13.5;
				MTL_ENABLE_DEBUG_INFO = INCLUDE_SOURCE;
				MTL_FAST_MATH = YES;
				ONLY_ACTIVE_ARCH = YES;
				SDKROOT = iphoneos;
				SWIFT_ACTIVE_COMPILATION_CONDITIONS = DEBUG;
				SWIFT_OPTIMIZATION_LEVEL = "-Onone";
			};
			name = Debug;
		};
		10C90E0524ED77DA00B2FB43 /* Release */ = {
			isa = XCBuildConfiguration;
			buildSettings = {
				ALWAYS_SEARCH_USER_PATHS = NO;
				CLANG_ANALYZER_NONNULL = YES;
				CLANG_ANALYZER_NUMBER_OBJECT_CONVERSION = YES_AGGRESSIVE;
				CLANG_CXX_LANGUAGE_STANDARD = "gnu++14";
				CLANG_CXX_LIBRARY = "libc++";
				CLANG_ENABLE_MODULES = YES;
				CLANG_ENABLE_OBJC_ARC = YES;
				CLANG_ENABLE_OBJC_WEAK = YES;
				CLANG_WARN_BLOCK_CAPTURE_AUTORELEASING = YES;
				CLANG_WARN_BOOL_CONVERSION = YES;
				CLANG_WARN_COMMA = YES;
				CLANG_WARN_CONSTANT_CONVERSION = YES;
				CLANG_WARN_DEPRECATED_OBJC_IMPLEMENTATIONS = YES;
				CLANG_WARN_DIRECT_OBJC_ISA_USAGE = YES_ERROR;
				CLANG_WARN_DOCUMENTATION_COMMENTS = YES;
				CLANG_WARN_EMPTY_BODY = YES;
				CLANG_WARN_ENUM_CONVERSION = YES;
				CLANG_WARN_INFINITE_RECURSION = YES;
				CLANG_WARN_INT_CONVERSION = YES;
				CLANG_WARN_NON_LITERAL_NULL_CONVERSION = YES;
				CLANG_WARN_OBJC_IMPLICIT_RETAIN_SELF = YES;
				CLANG_WARN_OBJC_LITERAL_CONVERSION = YES;
				CLANG_WARN_OBJC_ROOT_CLASS = YES_ERROR;
				CLANG_WARN_RANGE_LOOP_ANALYSIS = YES;
				CLANG_WARN_STRICT_PROTOTYPES = YES;
				CLANG_WARN_SUSPICIOUS_MOVE = YES;
				CLANG_WARN_UNGUARDED_AVAILABILITY = YES_AGGRESSIVE;
				CLANG_WARN_UNREACHABLE_CODE = YES;
				CLANG_WARN__DUPLICATE_METHOD_MATCH = YES;
				COPY_PHASE_STRIP = NO;
				DEBUG_INFORMATION_FORMAT = "dwarf-with-dsym";
				ENABLE_NS_ASSERTIONS = NO;
				ENABLE_STRICT_OBJC_MSGSEND = YES;
				GCC_C_LANGUAGE_STANDARD = gnu11;
				GCC_NO_COMMON_BLOCKS = YES;
				GCC_WARN_64_TO_32_BIT_CONVERSION = YES;
				GCC_WARN_ABOUT_RETURN_TYPE = YES_ERROR;
				GCC_WARN_UNDECLARED_SELECTOR = YES;
				GCC_WARN_UNINITIALIZED_AUTOS = YES_AGGRESSIVE;
				GCC_WARN_UNUSED_FUNCTION = YES;
				GCC_WARN_UNUSED_VARIABLE = YES;
				IPHONEOS_DEPLOYMENT_TARGET = 13.5;
				MTL_ENABLE_DEBUG_INFO = NO;
				MTL_FAST_MATH = YES;
				SDKROOT = iphoneos;
				SWIFT_COMPILATION_MODE = wholemodule;
				SWIFT_OPTIMIZATION_LEVEL = "-O";
				VALIDATE_PRODUCT = YES;
			};
			name = Release;
		};
		10C90E0724ED77DA00B2FB43 /* Debug */ = {
			isa = XCBuildConfiguration;
			baseConfigurationReference = 2FC586BC77F57028E4AF71E9 /* Pods-NIBMCOVID19.debug.xcconfig */;
			buildSettings = {
				ASSETCATALOG_COMPILER_APPICON_NAME = AppIcon;
				CODE_SIGN_STYLE = Automatic;
				DEVELOPMENT_TEAM = 4W27TWG9Z6;
				INFOPLIST_FILE = NIBMCOVID19/Info.plist;
				LD_RUNPATH_SEARCH_PATHS = (
					"$(inherited)",
					"@executable_path/Frameworks",
				);
				PRODUCT_BUNDLE_IDENTIFIER = nibm.NIBMCOVID19;
				PRODUCT_NAME = "$(TARGET_NAME)";
				SWIFT_VERSION = 5.0;
				TARGETED_DEVICE_FAMILY = "1,2";
			};
			name = Debug;
		};
		10C90E0824ED77DA00B2FB43 /* Release */ = {
			isa = XCBuildConfiguration;
			baseConfigurationReference = 17426122F500D6C8B1887EDE /* Pods-NIBMCOVID19.release.xcconfig */;
			buildSettings = {
				ASSETCATALOG_COMPILER_APPICON_NAME = AppIcon;
				CODE_SIGN_STYLE = Automatic;
				DEVELOPMENT_TEAM = 4W27TWG9Z6;
				INFOPLIST_FILE = NIBMCOVID19/Info.plist;
				LD_RUNPATH_SEARCH_PATHS = (
					"$(inherited)",
					"@executable_path/Frameworks",
				);
				PRODUCT_BUNDLE_IDENTIFIER = nibm.NIBMCOVID19;
				PRODUCT_NAME = "$(TARGET_NAME)";
				SWIFT_VERSION = 5.0;
				TARGETED_DEVICE_FAMILY = "1,2";
			};
			name = Release;
		};
		10C90E0A24ED77DA00B2FB43 /* Debug */ = {
			isa = XCBuildConfiguration;
			baseConfigurationReference = A90788095BA48BD8F43FA519 /* Pods-NIBMCOVID19Tests.debug.xcconfig */;
			buildSettings = {
				ALWAYS_EMBED_SWIFT_STANDARD_LIBRARIES = YES;
				BUNDLE_LOADER = "$(TEST_HOST)";
				CODE_SIGN_STYLE = Automatic;
				DEVELOPMENT_TEAM = 4W27TWG9Z6;
				INFOPLIST_FILE = NIBMCOVID19Tests/Info.plist;
				IPHONEOS_DEPLOYMENT_TARGET = 13.5;
				LD_RUNPATH_SEARCH_PATHS = (
					"$(inherited)",
					"@executable_path/Frameworks",
					"@loader_path/Frameworks",
				);
				PRODUCT_BUNDLE_IDENTIFIER = nibm.NIBMCOVID19Tests;
				PRODUCT_NAME = "$(TARGET_NAME)";
				SWIFT_VERSION = 5.0;
				TARGETED_DEVICE_FAMILY = "1,2";
				TEST_HOST = "$(BUILT_PRODUCTS_DIR)/NIBMCOVID19.app/NIBMCOVID19";
			};
			name = Debug;
		};
		10C90E0B24ED77DA00B2FB43 /* Release */ = {
			isa = XCBuildConfiguration;
			baseConfigurationReference = 66C6D56570F19DF08F96617C /* Pods-NIBMCOVID19Tests.release.xcconfig */;
			buildSettings = {
				ALWAYS_EMBED_SWIFT_STANDARD_LIBRARIES = YES;
				BUNDLE_LOADER = "$(TEST_HOST)";
				CODE_SIGN_STYLE = Automatic;
				DEVELOPMENT_TEAM = 4W27TWG9Z6;
				INFOPLIST_FILE = NIBMCOVID19Tests/Info.plist;
				IPHONEOS_DEPLOYMENT_TARGET = 13.5;
				LD_RUNPATH_SEARCH_PATHS = (
					"$(inherited)",
					"@executable_path/Frameworks",
					"@loader_path/Frameworks",
				);
				PRODUCT_BUNDLE_IDENTIFIER = nibm.NIBMCOVID19Tests;
				PRODUCT_NAME = "$(TARGET_NAME)";
				SWIFT_VERSION = 5.0;
				TARGETED_DEVICE_FAMILY = "1,2";
				TEST_HOST = "$(BUILT_PRODUCTS_DIR)/NIBMCOVID19.app/NIBMCOVID19";
			};
			name = Release;
		};
		10C90E0D24ED77DA00B2FB43 /* Debug */ = {
			isa = XCBuildConfiguration;
			baseConfigurationReference = 028E32361648F70B20AB45B2 /* Pods-NIBMCOVID19-NIBMCOVID19UITests.debug.xcconfig */;
			buildSettings = {
				ALWAYS_EMBED_SWIFT_STANDARD_LIBRARIES = YES;
				CODE_SIGN_STYLE = Automatic;
				DEVELOPMENT_TEAM = 4W27TWG9Z6;
				INFOPLIST_FILE = NIBMCOVID19UITests/Info.plist;
				LD_RUNPATH_SEARCH_PATHS = (
					"$(inherited)",
					"@executable_path/Frameworks",
					"@loader_path/Frameworks",
				);
				PRODUCT_BUNDLE_IDENTIFIER = nibm.NIBMCOVID19UITests;
				PRODUCT_NAME = "$(TARGET_NAME)";
				SWIFT_VERSION = 5.0;
				TARGETED_DEVICE_FAMILY = "1,2";
				TEST_TARGET_NAME = NIBMCOVID19;
			};
			name = Debug;
		};
		10C90E0E24ED77DA00B2FB43 /* Release */ = {
			isa = XCBuildConfiguration;
			baseConfigurationReference = 87AA91E416F2E97E0662CDD8 /* Pods-NIBMCOVID19-NIBMCOVID19UITests.release.xcconfig */;
			buildSettings = {
				ALWAYS_EMBED_SWIFT_STANDARD_LIBRARIES = YES;
				CODE_SIGN_STYLE = Automatic;
				DEVELOPMENT_TEAM = 4W27TWG9Z6;
				INFOPLIST_FILE = NIBMCOVID19UITests/Info.plist;
				LD_RUNPATH_SEARCH_PATHS = (
					"$(inherited)",
					"@executable_path/Frameworks",
					"@loader_path/Frameworks",
				);
				PRODUCT_BUNDLE_IDENTIFIER = nibm.NIBMCOVID19UITests;
				PRODUCT_NAME = "$(TARGET_NAME)";
				SWIFT_VERSION = 5.0;
				TARGETED_DEVICE_FAMILY = "1,2";
				TEST_TARGET_NAME = NIBMCOVID19;
			};
			name = Release;
		};
/* End XCBuildConfiguration section */

/* Begin XCConfigurationList section */
		10C90DD224ED77D900B2FB43 /* Build configuration list for PBXProject "NIBMCOVID19" */ = {
			isa = XCConfigurationList;
			buildConfigurations = (
				10C90E0424ED77DA00B2FB43 /* Debug */,
				10C90E0524ED77DA00B2FB43 /* Release */,
			);
			defaultConfigurationIsVisible = 0;
			defaultConfigurationName = Release;
		};
		10C90E0624ED77DA00B2FB43 /* Build configuration list for PBXNativeTarget "NIBMCOVID19" */ = {
			isa = XCConfigurationList;
			buildConfigurations = (
				10C90E0724ED77DA00B2FB43 /* Debug */,
				10C90E0824ED77DA00B2FB43 /* Release */,
			);
			defaultConfigurationIsVisible = 0;
			defaultConfigurationName = Release;
		};
		10C90E0924ED77DA00B2FB43 /* Build configuration list for PBXNativeTarget "NIBMCOVID19Tests" */ = {
			isa = XCConfigurationList;
			buildConfigurations = (
				10C90E0A24ED77DA00B2FB43 /* Debug */,
				10C90E0B24ED77DA00B2FB43 /* Release */,
			);
			defaultConfigurationIsVisible = 0;
			defaultConfigurationName = Release;
		};
		10C90E0C24ED77DA00B2FB43 /* Build configuration list for PBXNativeTarget "NIBMCOVID19UITests" */ = {
			isa = XCConfigurationList;
			buildConfigurations = (
				10C90E0D24ED77DA00B2FB43 /* Debug */,
				10C90E0E24ED77DA00B2FB43 /* Release */,
			);
			defaultConfigurationIsVisible = 0;
			defaultConfigurationName = Release;
		};
/* End XCConfigurationList section */

/* Begin XCVersionGroup section */
		10C90DE524ED77D900B2FB43 /* NIBMCOVID19.xcdatamodeld */ = {
			isa = XCVersionGroup;
			children = (
				10C90DE624ED77D900B2FB43 /* NIBMCOVID19.xcdatamodel */,
			);
			currentVersion = 10C90DE624ED77D900B2FB43 /* NIBMCOVID19.xcdatamodel */;
			path = NIBMCOVID19.xcdatamodeld;
			sourceTree = "<group>";
			versionGroupType = wrapper.xcdatamodel;
		};
/* End XCVersionGroup section */
	};
	rootObject = 10C90DCF24ED77D900B2FB43 /* Project object */;
}
